
Microsoft Visual Studio Solution File, Format Version 12.00
# Visual Studio 14
VisualStudioVersion = 14.0.25420.1
MinimumVisualStudioVersion = 10.0.40219.1
Project("{FAE04EC0-301F-11D3-BF4B-00C04F79EFBC}") = "LinkDev.NotificationsCentre.WebResources", "LinkDev.NotificationsCentre.WebResources\LinkDev.NotificationsCentre.WebResources.csproj", "{DA1411BA-D6BA-4062-8F7E-85927D60C562}"
EndProject
Project("{FAE04EC0-301F-11D3-BF4B-00C04F79EFBC}") = "LinkDev.NotificationCentre.Plugins", "LinkDev.NotificationCentre.Plugins\LinkDev.NotificationCentre.Plugins.csproj", "{E73D7E63-09D1-4A0B-97DF-69FDC86C570A}"
EndProject
Project("{FAE04EC0-301F-11D3-BF4B-00C04F79EFBC}") = "LinkDev.NotificationCentre.Steps", "LinkDev.NotificationCentre.Steps\LinkDev.NotificationCentre.Steps.csproj", "{40C492EF-A267-43E8-AA69-FD1F0923948B}"
EndProject
Global
	GlobalSection(SolutionConfigurationPlatforms) = preSolution
		Debug|Any CPU = Debug|Any CPU
		Release|Any CPU = Release|Any CPU
	EndGlobalSection
	GlobalSection(ProjectConfigurationPlatforms) = postSolution
		{DA1411BA-D6BA-4062-8F7E-85927D60C562}.Debug|Any CPU.ActiveCfg = Debug|Any CPU
		{DA1411BA-D6BA-4062-8F7E-85927D60C562}.Debug|Any CPU.Build.0 = Debug|Any CPU
		{DA1411BA-D6BA-4062-8F7E-85927D60C562}.Release|Any CPU.ActiveCfg = Release|Any CPU
		{DA1411BA-D6BA-4062-8F7E-85927D60C562}.Release|Any CPU.Build.0 = Release|Any CPU
		{E73D7E63-09D1-4A0B-97DF-69FDC86C570A}.Debug|Any CPU.ActiveCfg = Debug|Any CPU
		{E73D7E63-09D1-4A0B-97DF-69FDC86C570A}.Debug|Any CPU.Build.0 = Debug|Any CPU
		{E73D7E63-09D1-4A0B-97DF-69FDC86C570A}.Release|Any CPU.ActiveCfg = Release|Any CPU
		{E73D7E63-09D1-4A0B-97DF-69FDC86C570A}.Release|Any CPU.Build.0 = Release|Any CPU
		{40C492EF-A267-43E8-AA69-FD1F0923948B}.Debug|Any CPU.ActiveCfg = Debug|Any CPU
		{40C492EF-A267-43E8-AA69-FD1F0923948B}.Debug|Any CPU.Build.0 = Debug|Any CPU
		{40C492EF-A267-43E8-AA69-FD1F0923948B}.Release|Any CPU.ActiveCfg = Release|Any CPU
		{40C492EF-A267-43E8-AA69-FD1F0923948B}.Release|Any CPU.Build.0 = Release|Any CPU
	EndGlobalSection
	GlobalSection(SolutionProperties) = preSolution
		HideSolutionNode = FALSE
	EndGlobalSection
	GlobalSection(TeamFoundationVersionControl) = preSolution
		SccNumberOfProjects = 4
		SccEnterpriseProvider = {4CA58AB2-18FA-4F8D-95D4-32DDF27D184C}
		SccTeamFoundationServer = http://10.2.2.209:8080/tfs/tfs08datatcollection
		SccLocalPath0 = .
		SccProjectUniqueName1 = LinkDev.NotificationsCentre.WebResources\\LinkDev.NotificationsCentre.WebResources.csproj
		SccProjectName1 = LinkDev.NotificationsCentre.WebResources
		SccLocalPath1 = LinkDev.NotificationsCentre.WebResources
		SccProjectUniqueName2 = LinkDev.NotificationCentre.Plugins\\LinkDev.NotificationCentre.Plugins.csproj
		SccProjectName2 = LinkDev.NotificationCentre.Plugins
		SccLocalPath2 = LinkDev.NotificationCentre.Plugins
		SccProjectUniqueName3 = LinkDev.NotificationCentre.Steps\\LinkDev.NotificationCentre.Steps.csproj
		SccProjectName3 = LinkDev.NotificationCentre.Steps
		SccLocalPath3 = LinkDev.NotificationCentre.Steps
	EndGlobalSection
EndGlobal
